
Microsoft Visual Studio Solution File, Format Version 9.00
# Visual Studio 2005
Project("{FAE04EC0-301F-11D3-BF4B-00C04F79EFBC}") = "LockScreen", "LockScreen.csproj", "{A34DB5CB-C34D-4817-BB1A-5CEEE63AACF1}"
EndProject
Global
	GlobalSection(SolutionConfigurationPlatforms) = preSolution
		Debug|Any CPU = Debug|Any CPU
		Release|Any CPU = Release|Any CPU
	EndGlobalSection
	GlobalSection(ProjectConfigurationPlatforms) = postSolution
		{A34DB5CB-C34D-4817-BB1A-5CEEE63AACF1}.Debug|Any CPU.ActiveCfg = Debug|Any CPU
		{A34DB5CB-C34D-4817-BB1A-5CEEE63AACF1}.Debug|Any CPU.Build.0 = Debug|Any CPU
		{A34DB5CB-C34D-4817-BB1A-5CEEE63AACF1}.Release|Any CPU.ActiveCfg = Release|Any CPU
		{A34DB5CB-C34D-4817-BB1A-5CEEE63AACF1}.Release|Any CPU.Build.0 = Release|Any CPU
	EndGlobalSection
	GlobalSection(SolutionProperties) = preSolution
		HideSolutionNode = FALSE
	EndGlobalSection
EndGlobal
